
Microsoft Visual Studio Solution File, Format Version 12.00
# Visual Studio 2012
Project("{2150E333-8FDC-42A3-9474-1A3956D46DE8}") = "Talifun.Web Examples", "Talifun.Web Examples", "{E40C6C03-83CA-4590-84EF-90FCB8253463}"
EndProject
Project("{2150E333-8FDC-42A3-9474-1A3956D46DE8}") = "Talifun.Web.Mvc Examples", "Talifun.Web.Mvc Examples", "{CFF647EC-A72D-4D59-B3FD-250894F85E59}"
EndProject
Project("{2150E333-8FDC-42A3-9474-1A3956D46DE8}") = "UrlReWriter", "UrlReWriter", "{9203C04A-7B5A-4942-A0B6-6833D3D405D1}"
EndProject
Project("{2150E333-8FDC-42A3-9474-1A3956D46DE8}") = "Build", "Build", "{F6495657-21D5-4190-8509-4187C032367F}"
	ProjectSection(SolutionItems) = preProject
		build\assemblyinfo.ps1 = build\assemblyinfo.ps1
		build\bootstrap.ps1 = build\bootstrap.ps1
		build\build.ps1 = build\build.ps1
		build\chewie.psm1 = build\chewie.psm1
		build\git.ps1 = build\git.ps1
		build\msbuild.ps1 = build\msbuild.ps1
		build\nuget.ps1 = build\nuget.ps1
		build\nunit.ps1 = build\nunit.ps1
		build\overrides.ps1 = build\overrides.ps1
		build\settings.ps1 = build\settings.ps1
		build\xunit.ps1 = build\xunit.ps1
	EndProjectSection
EndProject
Project("{2150E333-8FDC-42A3-9474-1A3956D46DE8}") = ".nuget", ".nuget", "{C2294A13-7561-447F-9141-9F795775304F}"
	ProjectSection(SolutionItems) = preProject
		.nuget\packages.config = .nuget\packages.config
	EndProjectSection
EndProject
Project("{FAE04EC0-301F-11D3-BF4B-00C04F79EFBC}") = "Talifun.Web", "src\Talifun.Web\Talifun.Web.csproj", "{2C8DE86F-8F4B-430E-88B2-0DB2725AA90F}"
EndProject
Project("{FAE04EC0-301F-11D3-BF4B-00C04F79EFBC}") = "Talifun.Web.Mvc", "src\Talifun.Web.Mvc\Talifun.Web.Mvc.csproj", "{4EA7C697-84F1-4B4E-8C2D-00EA864F0D56}"
EndProject
Project("{FAE04EC0-301F-11D3-BF4B-00C04F79EFBC}") = "Talifun.Web.UrlRewriter", "src\Talifun.Web.UrlRewriter\Talifun.Web.UrlRewriter.csproj", "{43D2AC34-0EEA-4A82-B907-80D4CBDD63A1}"
EndProject
Project("{FAE04EC0-301F-11D3-BF4B-00C04F79EFBC}") = "Compress.Demo", "src\Talifun.Web.Examples\Compress.Demo\Compress.Demo.csproj", "{F4AB8CB0-90E3-46D6-93E1-8C796F388E68}"
EndProject
Project("{FAE04EC0-301F-11D3-BF4B-00C04F79EFBC}") = "LogUrl.Demo", "src\Talifun.Web.Examples\LogUrl.Demo\LogUrl.Demo.csproj", "{04C7820F-E87A-4E09-BBAB-CEF8F73152B6}"
EndProject
Project("{FAE04EC0-301F-11D3-BF4B-00C04F79EFBC}") = "RegexUrlAuthorization.Demo", "src\Talifun.Web.Examples\RegexUrlAuthorization.Demo\RegexUrlAuthorization.Demo.csproj", "{C1C1A286-780B-44AD-8FB0-AE78528B68EC}"
EndProject
Project("{FAE04EC0-301F-11D3-BF4B-00C04F79EFBC}") = "StaticFile.Demo", "src\Talifun.Web.Examples\StaticFile.Demo\StaticFile.Demo.csproj", "{EE3D28B2-2146-4078-BC89-2A4270257085}"
EndProject
Project("{FAE04EC0-301F-11D3-BF4B-00C04F79EFBC}") = "IpAddressAuthentication.Demo", "src\Talifun.Web.Examples\IpAddressAuthentication.Demo\IpAddressAuthentication.Demo.csproj", "{F9590CD0-6DF8-4393-855C-6ABC56DAB6F6}"
EndProject
Project("{FAE04EC0-301F-11D3-BF4B-00C04F79EFBC}") = "UrlReWriter.Demo.CustomUrlRewriter", "src\Talifun.Web.UrlRewriter.Examples\UrlReWriter.Demo.CustomUrlRewriter\UrlReWriter.Demo.CustomUrlRewriter.csproj", "{3E797996-D4C7-45D1-8B5F-B3C87FC4F886}"
EndProject
Project("{FAE04EC0-301F-11D3-BF4B-00C04F79EFBC}") = "UrlRewriter.Demo", "src\Talifun.Web.UrlRewriter.Examples\UrlRewriter.Demo\UrlRewriter.Demo.csproj", "{EB258590-626C-4F1D-ABEE-E863551BB5EC}"
EndProject
Project("{FAE04EC0-301F-11D3-BF4B-00C04F79EFBC}") = "Talifun.Web.Tests", "src\Talifun.Web.Tests\Talifun.Web.Tests.csproj", "{7C661FBC-E6BE-4C1B-9002-E17CEA4531F9}"
EndProject
Project("{FAE04EC0-301F-11D3-BF4B-00C04F79EFBC}") = "Talifun.Crusher.CommandLine", "src\Talifun.Crusher.CommandLine\Talifun.Crusher.CommandLine.csproj", "{0AF5FFFB-FF98-4845-8F51-728CDC586DD5}"
EndProject
Project("{FAE04EC0-301F-11D3-BF4B-00C04F79EFBC}") = "StaticFile.Demo", "src\Talifun.Web.Mvc.Examples\StaticFile.Demo\StaticFile.Demo.csproj", "{4F726217-D691-422B-8929-147178B38DF4}"
EndProject
Project("{FAE04EC0-301F-11D3-BF4B-00C04F79EFBC}") = "StaticFileGenericHandler.Demo", "src\Talifun.Web.Examples\StaticFileGenericHandler.Demo\StaticFileGenericHandler.Demo.csproj", "{EB1426C3-26BB-4B5D-93F7-CF74400FA992}"
EndProject
Project("{FAE04EC0-301F-11D3-BF4B-00C04F79EFBC}") = "Crusher.MsBuild.Demo", "src\Talifun.Web.Examples\Crusher.MSBuild.Demo\Crusher.MsBuild.Demo.csproj", "{17CEABBE-2B7E-4358-B540-3979C32470B6}"
EndProject
Project("{FAE04EC0-301F-11D3-BF4B-00C04F79EFBC}") = "Talifun.Crusher.MsBuild", "src\Talifun.Crusher.MsBuild\Talifun.Crusher.MsBuild.csproj", "{FB0B818D-1234-4825-84AA-56FF4265E39C}"
EndProject
Project("{FAE04EC0-301F-11D3-BF4B-00C04F79EFBC}") = "Talifun.Crusher.Configuration", "src\Talifun.Crusher.Configuration\Talifun.Crusher.Configuration.csproj", "{19088F57-724C-4448-B242-0FFE4CCDCB51}"
EndProject
Project("{FAE04EC0-301F-11D3-BF4B-00C04F79EFBC}") = "Talifun.Crusher", "src\Talifun.Crusher\Talifun.Crusher.csproj", "{4D67F843-A351-43D6-A90A-91926ADB96F0}"
EndProject
Project("{FAE04EC0-301F-11D3-BF4B-00C04F79EFBC}") = "Talifun.Crusher.Module", "src\Talifun.Crusher.Module\Talifun.Crusher.Module.csproj", "{9985B159-5CD3-47CC-9193-5C1672A88A92}"
EndProject
Project("{FAE04EC0-301F-11D3-BF4B-00C04F79EFBC}") = "Talifun.Crusher.Tests", "src\Talifun.Crusher.Tests\Talifun.Crusher.Tests.csproj", "{207C542A-8A74-461A-AF12-010E3977802A}"
EndProject
Project("{FAE04EC0-301F-11D3-BF4B-00C04F79EFBC}") = "Crusher.Module.Demo", "src\Talifun.Web.Examples\Crusher.Module.Demo\Crusher.Module.Demo.csproj", "{0F576746-2042-433F-8543-FCB9321FDEF0}"
EndProject
Global
	GlobalSection(SolutionConfigurationPlatforms) = preSolution
		Debug|Any CPU = Debug|Any CPU
		Debug|Mixed Platforms = Debug|Mixed Platforms
		Debug|x86 = Debug|x86
		Release|Any CPU = Release|Any CPU
		Release|Mixed Platforms = Release|Mixed Platforms
		Release|x86 = Release|x86
	EndGlobalSection
	GlobalSection(ProjectConfigurationPlatforms) = postSolution
		{2C8DE86F-8F4B-430E-88B2-0DB2725AA90F}.Debug|Any CPU.ActiveCfg = Debug|Any CPU
		{2C8DE86F-8F4B-430E-88B2-0DB2725AA90F}.Debug|Any CPU.Build.0 = Debug|Any CPU
		{2C8DE86F-8F4B-430E-88B2-0DB2725AA90F}.Debug|Mixed Platforms.ActiveCfg = Debug|Any CPU
		{2C8DE86F-8F4B-430E-88B2-0DB2725AA90F}.Debug|Mixed Platforms.Build.0 = Debug|Any CPU
		{2C8DE86F-8F4B-430E-88B2-0DB2725AA90F}.Debug|x86.ActiveCfg = Debug|Any CPU
		{2C8DE86F-8F4B-430E-88B2-0DB2725AA90F}.Release|Any CPU.ActiveCfg = Release|Any CPU
		{2C8DE86F-8F4B-430E-88B2-0DB2725AA90F}.Release|Any CPU.Build.0 = Release|Any CPU
		{2C8DE86F-8F4B-430E-88B2-0DB2725AA90F}.Release|Mixed Platforms.ActiveCfg = Release|Any CPU
		{2C8DE86F-8F4B-430E-88B2-0DB2725AA90F}.Release|Mixed Platforms.Build.0 = Release|Any CPU
		{2C8DE86F-8F4B-430E-88B2-0DB2725AA90F}.Release|x86.ActiveCfg = Release|Any CPU
		{4EA7C697-84F1-4B4E-8C2D-00EA864F0D56}.Debug|Any CPU.ActiveCfg = Debug|Any CPU
		{4EA7C697-84F1-4B4E-8C2D-00EA864F0D56}.Debug|Any CPU.Build.0 = Debug|Any CPU
		{4EA7C697-84F1-4B4E-8C2D-00EA864F0D56}.Debug|Mixed Platforms.ActiveCfg = Debug|Any CPU
		{4EA7C697-84F1-4B4E-8C2D-00EA864F0D56}.Debug|Mixed Platforms.Build.0 = Debug|Any CPU
		{4EA7C697-84F1-4B4E-8C2D-00EA864F0D56}.Debug|x86.ActiveCfg = Debug|Any CPU
		{4EA7C697-84F1-4B4E-8C2D-00EA864F0D56}.Release|Any CPU.ActiveCfg = Release|Any CPU
		{4EA7C697-84F1-4B4E-8C2D-00EA864F0D56}.Release|Mixed Platforms.ActiveCfg = Release|Any CPU
		{4EA7C697-84F1-4B4E-8C2D-00EA864F0D56}.Release|Mixed Platforms.Build.0 = Release|Any CPU
		{4EA7C697-84F1-4B4E-8C2D-00EA864F0D56}.Release|x86.ActiveCfg = Release|Any CPU
		{43D2AC34-0EEA-4A82-B907-80D4CBDD63A1}.Debug|Any CPU.ActiveCfg = Debug|Any CPU
		{43D2AC34-0EEA-4A82-B907-80D4CBDD63A1}.Debug|Any CPU.Build.0 = Debug|Any CPU
		{43D2AC34-0EEA-4A82-B907-80D4CBDD63A1}.Debug|Mixed Platforms.ActiveCfg = Debug|Any CPU
		{43D2AC34-0EEA-4A82-B907-80D4CBDD63A1}.Debug|Mixed Platforms.Build.0 = Debug|Any CPU
		{43D2AC34-0EEA-4A82-B907-80D4CBDD63A1}.Debug|x86.ActiveCfg = Debug|Any CPU
		{43D2AC34-0EEA-4A82-B907-80D4CBDD63A1}.Release|Any CPU.ActiveCfg = Release|Any CPU
		{43D2AC34-0EEA-4A82-B907-80D4CBDD63A1}.Release|Any CPU.Build.0 = Release|Any CPU
		{43D2AC34-0EEA-4A82-B907-80D4CBDD63A1}.Release|Mixed Platforms.ActiveCfg = Release|Any CPU
		{43D2AC34-0EEA-4A82-B907-80D4CBDD63A1}.Release|Mixed Platforms.Build.0 = Release|Any CPU
		{43D2AC34-0EEA-4A82-B907-80D4CBDD63A1}.Release|x86.ActiveCfg = Release|Any CPU
		{F4AB8CB0-90E3-46D6-93E1-8C796F388E68}.Debug|Any CPU.ActiveCfg = Debug|Any CPU
		{F4AB8CB0-90E3-46D6-93E1-8C796F388E68}.Debug|Mixed Platforms.ActiveCfg = Debug|Any CPU
		{F4AB8CB0-90E3-46D6-93E1-8C796F388E68}.Debug|Mixed Platforms.Build.0 = Debug|Any CPU
		{F4AB8CB0-90E3-46D6-93E1-8C796F388E68}.Debug|x86.ActiveCfg = Debug|Any CPU
		{F4AB8CB0-90E3-46D6-93E1-8C796F388E68}.Release|Any CPU.ActiveCfg = Release|Any CPU
		{F4AB8CB0-90E3-46D6-93E1-8C796F388E68}.Release|Mixed Platforms.ActiveCfg = Release|Any CPU
		{F4AB8CB0-90E3-46D6-93E1-8C796F388E68}.Release|Mixed Platforms.Build.0 = Release|Any CPU
		{F4AB8CB0-90E3-46D6-93E1-8C796F388E68}.Release|x86.ActiveCfg = Release|Any CPU
		{04C7820F-E87A-4E09-BBAB-CEF8F73152B6}.Debug|Any CPU.ActiveCfg = Debug|Any CPU
		{04C7820F-E87A-4E09-BBAB-CEF8F73152B6}.Debug|Mixed Platforms.ActiveCfg = Debug|Any CPU
		{04C7820F-E87A-4E09-BBAB-CEF8F73152B6}.Debug|Mixed Platforms.Build.0 = Debug|Any CPU
		{04C7820F-E87A-4E09-BBAB-CEF8F73152B6}.Debug|x86.ActiveCfg = Debug|Any CPU
		{04C7820F-E87A-4E09-BBAB-CEF8F73152B6}.Release|Any CPU.ActiveCfg = Release|Any CPU
		{04C7820F-E87A-4E09-BBAB-CEF8F73152B6}.Release|Mixed Platforms.ActiveCfg = Release|Any CPU
		{04C7820F-E87A-4E09-BBAB-CEF8F73152B6}.Release|Mixed Platforms.Build.0 = Release|Any CPU
		{04C7820F-E87A-4E09-BBAB-CEF8F73152B6}.Release|x86.ActiveCfg = Release|Any CPU
		{C1C1A286-780B-44AD-8FB0-AE78528B68EC}.Debug|Any CPU.ActiveCfg = Debug|Any CPU
		{C1C1A286-780B-44AD-8FB0-AE78528B68EC}.Debug|Mixed Platforms.ActiveCfg = Debug|Any CPU
		{C1C1A286-780B-44AD-8FB0-AE78528B68EC}.Debug|Mixed Platforms.Build.0 = Debug|Any CPU
		{C1C1A286-780B-44AD-8FB0-AE78528B68EC}.Debug|x86.ActiveCfg = Debug|Any CPU
		{C1C1A286-780B-44AD-8FB0-AE78528B68EC}.Release|Any CPU.ActiveCfg = Release|Any CPU
		{C1C1A286-780B-44AD-8FB0-AE78528B68EC}.Release|Mixed Platforms.ActiveCfg = Release|Any CPU
		{C1C1A286-780B-44AD-8FB0-AE78528B68EC}.Release|Mixed Platforms.Build.0 = Release|Any CPU
		{C1C1A286-780B-44AD-8FB0-AE78528B68EC}.Release|x86.ActiveCfg = Release|Any CPU
		{EE3D28B2-2146-4078-BC89-2A4270257085}.Debug|Any CPU.ActiveCfg = Debug|Any CPU
		{EE3D28B2-2146-4078-BC89-2A4270257085}.Debug|Mixed Platforms.ActiveCfg = Debug|Any CPU
		{EE3D28B2-2146-4078-BC89-2A4270257085}.Debug|Mixed Platforms.Build.0 = Debug|Any CPU
		{EE3D28B2-2146-4078-BC89-2A4270257085}.Debug|x86.ActiveCfg = Debug|Any CPU
		{EE3D28B2-2146-4078-BC89-2A4270257085}.Release|Any CPU.ActiveCfg = Release|Any CPU
		{EE3D28B2-2146-4078-BC89-2A4270257085}.Release|Mixed Platforms.ActiveCfg = Release|Any CPU
		{EE3D28B2-2146-4078-BC89-2A4270257085}.Release|Mixed Platforms.Build.0 = Release|Any CPU
		{EE3D28B2-2146-4078-BC89-2A4270257085}.Release|x86.ActiveCfg = Release|Any CPU
		{F9590CD0-6DF8-4393-855C-6ABC56DAB6F6}.Debug|Any CPU.ActiveCfg = Debug|Any CPU
		{F9590CD0-6DF8-4393-855C-6ABC56DAB6F6}.Debug|Mixed Platforms.ActiveCfg = Debug|Any CPU
		{F9590CD0-6DF8-4393-855C-6ABC56DAB6F6}.Debug|Mixed Platforms.Build.0 = Debug|Any CPU
		{F9590CD0-6DF8-4393-855C-6ABC56DAB6F6}.Debug|x86.ActiveCfg = Debug|Any CPU
		{F9590CD0-6DF8-4393-855C-6ABC56DAB6F6}.Release|Any CPU.ActiveCfg = Release|Any CPU
		{F9590CD0-6DF8-4393-855C-6ABC56DAB6F6}.Release|Mixed Platforms.ActiveCfg = Release|Any CPU
		{F9590CD0-6DF8-4393-855C-6ABC56DAB6F6}.Release|Mixed Platforms.Build.0 = Release|Any CPU
		{F9590CD0-6DF8-4393-855C-6ABC56DAB6F6}.Release|x86.ActiveCfg = Release|Any CPU
		{3E797996-D4C7-45D1-8B5F-B3C87FC4F886}.Debug|Any CPU.ActiveCfg = Debug|Any CPU
		{3E797996-D4C7-45D1-8B5F-B3C87FC4F886}.Debug|Mixed Platforms.ActiveCfg = Debug|Any CPU
		{3E797996-D4C7-45D1-8B5F-B3C87FC4F886}.Debug|Mixed Platforms.Build.0 = Debug|Any CPU
		{3E797996-D4C7-45D1-8B5F-B3C87FC4F886}.Debug|x86.ActiveCfg = Debug|Any CPU
		{3E797996-D4C7-45D1-8B5F-B3C87FC4F886}.Release|Any CPU.ActiveCfg = Release|Any CPU
		{3E797996-D4C7-45D1-8B5F-B3C87FC4F886}.Release|Mixed Platforms.ActiveCfg = Release|Any CPU
		{3E797996-D4C7-45D1-8B5F-B3C87FC4F886}.Release|Mixed Platforms.Build.0 = Release|Any CPU
		{3E797996-D4C7-45D1-8B5F-B3C87FC4F886}.Release|x86.ActiveCfg = Release|Any CPU
		{EB258590-626C-4F1D-ABEE-E863551BB5EC}.Debug|Any CPU.ActiveCfg = Debug|Any CPU
		{EB258590-626C-4F1D-ABEE-E863551BB5EC}.Debug|Mixed Platforms.ActiveCfg = Debug|Any CPU
		{EB258590-626C-4F1D-ABEE-E863551BB5EC}.Debug|Mixed Platforms.Build.0 = Debug|Any CPU
		{EB258590-626C-4F1D-ABEE-E863551BB5EC}.Debug|x86.ActiveCfg = Debug|Any CPU
		{EB258590-626C-4F1D-ABEE-E863551BB5EC}.Release|Any CPU.ActiveCfg = Release|Any CPU
		{EB258590-626C-4F1D-ABEE-E863551BB5EC}.Release|Mixed Platforms.ActiveCfg = Release|Any CPU
		{EB258590-626C-4F1D-ABEE-E863551BB5EC}.Release|Mixed Platforms.Build.0 = Release|Any CPU
		{EB258590-626C-4F1D-ABEE-E863551BB5EC}.Release|x86.ActiveCfg = Release|Any CPU
		{7C661FBC-E6BE-4C1B-9002-E17CEA4531F9}.Debug|Any CPU.ActiveCfg = Debug|Any CPU
		{7C661FBC-E6BE-4C1B-9002-E17CEA4531F9}.Debug|Any CPU.Build.0 = Debug|Any CPU
		{7C661FBC-E6BE-4C1B-9002-E17CEA4531F9}.Debug|Mixed Platforms.ActiveCfg = Debug|Any CPU
		{7C661FBC-E6BE-4C1B-9002-E17CEA4531F9}.Debug|Mixed Platforms.Build.0 = Debug|Any CPU
		{7C661FBC-E6BE-4C1B-9002-E17CEA4531F9}.Debug|x86.ActiveCfg = Debug|Any CPU
		{7C661FBC-E6BE-4C1B-9002-E17CEA4531F9}.Release|Any CPU.ActiveCfg = Release|Any CPU
		{7C661FBC-E6BE-4C1B-9002-E17CEA4531F9}.Release|Any CPU.Build.0 = Release|Any CPU
		{7C661FBC-E6BE-4C1B-9002-E17CEA4531F9}.Release|Mixed Platforms.ActiveCfg = Release|Any CPU
		{7C661FBC-E6BE-4C1B-9002-E17CEA4531F9}.Release|Mixed Platforms.Build.0 = Release|Any CPU
		{7C661FBC-E6BE-4C1B-9002-E17CEA4531F9}.Release|x86.ActiveCfg = Release|Any CPU
		{0AF5FFFB-FF98-4845-8F51-728CDC586DD5}.Debug|Any CPU.ActiveCfg = Debug|Any CPU
		{0AF5FFFB-FF98-4845-8F51-728CDC586DD5}.Debug|Any CPU.Build.0 = Debug|Any CPU
		{0AF5FFFB-FF98-4845-8F51-728CDC586DD5}.Debug|Mixed Platforms.ActiveCfg = Debug|Any CPU
		{0AF5FFFB-FF98-4845-8F51-728CDC586DD5}.Debug|Mixed Platforms.Build.0 = Debug|Any CPU
		{0AF5FFFB-FF98-4845-8F51-728CDC586DD5}.Debug|x86.ActiveCfg = Debug|Any CPU
		{0AF5FFFB-FF98-4845-8F51-728CDC586DD5}.Release|Any CPU.ActiveCfg = Release|Any CPU
		{0AF5FFFB-FF98-4845-8F51-728CDC586DD5}.Release|Any CPU.Build.0 = Release|Any CPU
		{0AF5FFFB-FF98-4845-8F51-728CDC586DD5}.Release|Mixed Platforms.ActiveCfg = Release|Any CPU
		{0AF5FFFB-FF98-4845-8F51-728CDC586DD5}.Release|Mixed Platforms.Build.0 = Release|Any CPU
		{0AF5FFFB-FF98-4845-8F51-728CDC586DD5}.Release|x86.ActiveCfg = Release|Any CPU
		{4F726217-D691-422B-8929-147178B38DF4}.Debug|Any CPU.ActiveCfg = Debug|Any CPU
		{4F726217-D691-422B-8929-147178B38DF4}.Debug|Mixed Platforms.ActiveCfg = Debug|Any CPU
		{4F726217-D691-422B-8929-147178B38DF4}.Debug|Mixed Platforms.Build.0 = Debug|Any CPU
		{4F726217-D691-422B-8929-147178B38DF4}.Debug|x86.ActiveCfg = Debug|Any CPU
		{4F726217-D691-422B-8929-147178B38DF4}.Release|Any CPU.ActiveCfg = Release|Any CPU
		{4F726217-D691-422B-8929-147178B38DF4}.Release|Mixed Platforms.ActiveCfg = Release|Any CPU
		{4F726217-D691-422B-8929-147178B38DF4}.Release|Mixed Platforms.Build.0 = Release|Any CPU
		{4F726217-D691-422B-8929-147178B38DF4}.Release|x86.ActiveCfg = Release|Any CPU
		{EB1426C3-26BB-4B5D-93F7-CF74400FA992}.Debug|Any CPU.ActiveCfg = Debug|Any CPU
		{EB1426C3-26BB-4B5D-93F7-CF74400FA992}.Debug|Mixed Platforms.ActiveCfg = Debug|Any CPU
		{EB1426C3-26BB-4B5D-93F7-CF74400FA992}.Debug|Mixed Platforms.Build.0 = Debug|Any CPU
		{EB1426C3-26BB-4B5D-93F7-CF74400FA992}.Debug|x86.ActiveCfg = Debug|Any CPU
		{EB1426C3-26BB-4B5D-93F7-CF74400FA992}.Release|Any CPU.ActiveCfg = Release|Any CPU
		{EB1426C3-26BB-4B5D-93F7-CF74400FA992}.Release|Mixed Platforms.ActiveCfg = Release|Any CPU
		{EB1426C3-26BB-4B5D-93F7-CF74400FA992}.Release|Mixed Platforms.Build.0 = Release|Any CPU
		{EB1426C3-26BB-4B5D-93F7-CF74400FA992}.Release|x86.ActiveCfg = Release|Any CPU
		{17CEABBE-2B7E-4358-B540-3979C32470B6}.Debug|Any CPU.ActiveCfg = Debug|Any CPU
		{17CEABBE-2B7E-4358-B540-3979C32470B6}.Debug|Any CPU.Build.0 = Debug|Any CPU
		{17CEABBE-2B7E-4358-B540-3979C32470B6}.Debug|Mixed Platforms.ActiveCfg = Debug|Any CPU
		{17CEABBE-2B7E-4358-B540-3979C32470B6}.Debug|Mixed Platforms.Build.0 = Debug|Any CPU
		{17CEABBE-2B7E-4358-B540-3979C32470B6}.Debug|x86.ActiveCfg = Debug|Any CPU
		{17CEABBE-2B7E-4358-B540-3979C32470B6}.Release|Any CPU.ActiveCfg = Release|Any CPU
		{17CEABBE-2B7E-4358-B540-3979C32470B6}.Release|Mixed Platforms.ActiveCfg = Release|Any CPU
		{17CEABBE-2B7E-4358-B540-3979C32470B6}.Release|Mixed Platforms.Build.0 = Release|Any CPU
		{17CEABBE-2B7E-4358-B540-3979C32470B6}.Release|x86.ActiveCfg = Release|Any CPU
		{FB0B818D-1234-4825-84AA-56FF4265E39C}.Debug|Any CPU.ActiveCfg = Debug|Any CPU
		{FB0B818D-1234-4825-84AA-56FF4265E39C}.Debug|Any CPU.Build.0 = Debug|Any CPU
		{FB0B818D-1234-4825-84AA-56FF4265E39C}.Debug|Mixed Platforms.ActiveCfg = Debug|Any CPU
		{FB0B818D-1234-4825-84AA-56FF4265E39C}.Debug|Mixed Platforms.Build.0 = Debug|Any CPU
		{FB0B818D-1234-4825-84AA-56FF4265E39C}.Debug|x86.ActiveCfg = Debug|Any CPU
		{FB0B818D-1234-4825-84AA-56FF4265E39C}.Release|Any CPU.ActiveCfg = Release|Any CPU
		{FB0B818D-1234-4825-84AA-56FF4265E39C}.Release|Any CPU.Build.0 = Release|Any CPU
		{FB0B818D-1234-4825-84AA-56FF4265E39C}.Release|Mixed Platforms.ActiveCfg = Release|Any CPU
		{FB0B818D-1234-4825-84AA-56FF4265E39C}.Release|Mixed Platforms.Build.0 = Release|Any CPU
		{FB0B818D-1234-4825-84AA-56FF4265E39C}.Release|x86.ActiveCfg = Release|Any CPU
		{19088F57-724C-4448-B242-0FFE4CCDCB51}.Debug|Any CPU.ActiveCfg = Debug|Any CPU
		{19088F57-724C-4448-B242-0FFE4CCDCB51}.Debug|Any CPU.Build.0 = Debug|Any CPU
		{19088F57-724C-4448-B242-0FFE4CCDCB51}.Debug|Mixed Platforms.ActiveCfg = Debug|Any CPU
		{19088F57-724C-4448-B242-0FFE4CCDCB51}.Debug|Mixed Platforms.Build.0 = Debug|Any CPU
		{19088F57-724C-4448-B242-0FFE4CCDCB51}.Debug|x86.ActiveCfg = Debug|Any CPU
		{19088F57-724C-4448-B242-0FFE4CCDCB51}.Release|Any CPU.ActiveCfg = Release|Any CPU
		{19088F57-724C-4448-B242-0FFE4CCDCB51}.Release|Any CPU.Build.0 = Release|Any CPU
		{19088F57-724C-4448-B242-0FFE4CCDCB51}.Release|Mixed Platforms.ActiveCfg = Release|Any CPU
		{19088F57-724C-4448-B242-0FFE4CCDCB51}.Release|Mixed Platforms.Build.0 = Release|Any CPU
		{19088F57-724C-4448-B242-0FFE4CCDCB51}.Release|x86.ActiveCfg = Release|Any CPU
		{4D67F843-A351-43D6-A90A-91926ADB96F0}.Debug|Any CPU.ActiveCfg = Debug|Any CPU
		{4D67F843-A351-43D6-A90A-91926ADB96F0}.Debug|Any CPU.Build.0 = Debug|Any CPU
		{4D67F843-A351-43D6-A90A-91926ADB96F0}.Debug|Mixed Platforms.ActiveCfg = Debug|Any CPU
		{4D67F843-A351-43D6-A90A-91926ADB96F0}.Debug|Mixed Platforms.Build.0 = Debug|Any CPU
		{4D67F843-A351-43D6-A90A-91926ADB96F0}.Debug|x86.ActiveCfg = Debug|Any CPU
		{4D67F843-A351-43D6-A90A-91926ADB96F0}.Release|Any CPU.ActiveCfg = Release|Any CPU
		{4D67F843-A351-43D6-A90A-91926ADB96F0}.Release|Any CPU.Build.0 = Release|Any CPU
		{4D67F843-A351-43D6-A90A-91926ADB96F0}.Release|Mixed Platforms.ActiveCfg = Release|Any CPU
		{4D67F843-A351-43D6-A90A-91926ADB96F0}.Release|Mixed Platforms.Build.0 = Release|Any CPU
		{4D67F843-A351-43D6-A90A-91926ADB96F0}.Release|x86.ActiveCfg = Release|Any CPU
		{9985B159-5CD3-47CC-9193-5C1672A88A92}.Debug|Any CPU.ActiveCfg = Debug|Any CPU
		{9985B159-5CD3-47CC-9193-5C1672A88A92}.Debug|Any CPU.Build.0 = Debug|Any CPU
		{9985B159-5CD3-47CC-9193-5C1672A88A92}.Debug|Mixed Platforms.ActiveCfg = Debug|Any CPU
		{9985B159-5CD3-47CC-9193-5C1672A88A92}.Debug|Mixed Platforms.Build.0 = Debug|Any CPU
		{9985B159-5CD3-47CC-9193-5C1672A88A92}.Debug|x86.ActiveCfg = Debug|Any CPU
		{9985B159-5CD3-47CC-9193-5C1672A88A92}.Release|Any CPU.ActiveCfg = Release|Any CPU
		{9985B159-5CD3-47CC-9193-5C1672A88A92}.Release|Any CPU.Build.0 = Release|Any CPU
		{9985B159-5CD3-47CC-9193-5C1672A88A92}.Release|Mixed Platforms.ActiveCfg = Release|Any CPU
		{9985B159-5CD3-47CC-9193-5C1672A88A92}.Release|Mixed Platforms.Build.0 = Release|Any CPU
		{9985B159-5CD3-47CC-9193-5C1672A88A92}.Release|x86.ActiveCfg = Release|Any CPU
		{207C542A-8A74-461A-AF12-010E3977802A}.Debug|Any CPU.ActiveCfg = Debug|Any CPU
		{207C542A-8A74-461A-AF12-010E3977802A}.Debug|Any CPU.Build.0 = Debug|Any CPU
		{207C542A-8A74-461A-AF12-010E3977802A}.Debug|Mixed Platforms.ActiveCfg = Debug|Any CPU
		{207C542A-8A74-461A-AF12-010E3977802A}.Debug|Mixed Platforms.Build.0 = Debug|Any CPU
		{207C542A-8A74-461A-AF12-010E3977802A}.Debug|x86.ActiveCfg = Debug|Any CPU
		{207C542A-8A74-461A-AF12-010E3977802A}.Release|Any CPU.ActiveCfg = Release|Any CPU
		{207C542A-8A74-461A-AF12-010E3977802A}.Release|Any CPU.Build.0 = Release|Any CPU
		{207C542A-8A74-461A-AF12-010E3977802A}.Release|Mixed Platforms.ActiveCfg = Release|Any CPU
		{207C542A-8A74-461A-AF12-010E3977802A}.Release|Mixed Platforms.Build.0 = Release|Any CPU
		{207C542A-8A74-461A-AF12-010E3977802A}.Release|x86.ActiveCfg = Release|Any CPU
		{0F576746-2042-433F-8543-FCB9321FDEF0}.Debug|Any CPU.ActiveCfg = Debug|Any CPU
		{0F576746-2042-433F-8543-FCB9321FDEF0}.Debug|Any CPU.Build.0 = Debug|Any CPU
		{0F576746-2042-433F-8543-FCB9321FDEF0}.Debug|Mixed Platforms.ActiveCfg = Debug|Any CPU
		{0F576746-2042-433F-8543-FCB9321FDEF0}.Debug|Mixed Platforms.Build.0 = Debug|Any CPU
		{0F576746-2042-433F-8543-FCB9321FDEF0}.Debug|x86.ActiveCfg = Debug|Any CPU
		{0F576746-2042-433F-8543-FCB9321FDEF0}.Release|Any CPU.ActiveCfg = Release|Any CPU
		{0F576746-2042-433F-8543-FCB9321FDEF0}.Release|Mixed Platforms.ActiveCfg = Release|Any CPU
		{0F576746-2042-433F-8543-FCB9321FDEF0}.Release|Mixed Platforms.Build.0 = Release|Any CPU
		{0F576746-2042-433F-8543-FCB9321FDEF0}.Release|x86.ActiveCfg = Release|Any CPU
	EndGlobalSection
	GlobalSection(SolutionProperties) = preSolution
		HideSolutionNode = FALSE
	EndGlobalSection
	GlobalSection(NestedProjects) = preSolution
		{F4AB8CB0-90E3-46D6-93E1-8C796F388E68} = {E40C6C03-83CA-4590-84EF-90FCB8253463}
		{04C7820F-E87A-4E09-BBAB-CEF8F73152B6} = {E40C6C03-83CA-4590-84EF-90FCB8253463}
		{C1C1A286-780B-44AD-8FB0-AE78528B68EC} = {E40C6C03-83CA-4590-84EF-90FCB8253463}
		{EE3D28B2-2146-4078-BC89-2A4270257085} = {E40C6C03-83CA-4590-84EF-90FCB8253463}
		{F9590CD0-6DF8-4393-855C-6ABC56DAB6F6} = {E40C6C03-83CA-4590-84EF-90FCB8253463}
		{EB1426C3-26BB-4B5D-93F7-CF74400FA992} = {E40C6C03-83CA-4590-84EF-90FCB8253463}
		{17CEABBE-2B7E-4358-B540-3979C32470B6} = {E40C6C03-83CA-4590-84EF-90FCB8253463}
		{0F576746-2042-433F-8543-FCB9321FDEF0} = {E40C6C03-83CA-4590-84EF-90FCB8253463}
		{4F726217-D691-422B-8929-147178B38DF4} = {CFF647EC-A72D-4D59-B3FD-250894F85E59}
		{3E797996-D4C7-45D1-8B5F-B3C87FC4F886} = {9203C04A-7B5A-4942-A0B6-6833D3D405D1}
		{EB258590-626C-4F1D-ABEE-E863551BB5EC} = {9203C04A-7B5A-4942-A0B6-6833D3D405D1}
	EndGlobalSection
EndGlobal
