
Microsoft Visual Studio Solution File, Format Version 11.00
# Visual Studio 2010
Project("{FAE04EC0-301F-11D3-BF4B-00C04F79EFBC}") = "Talifun.Web", "Talifun.Web\Talifun.Web.csproj", "{FB8D10A5-40A2-44B0-A30F-1B316B5AFC34}"
EndProject
Project("{FAE04EC0-301F-11D3-BF4B-00C04F79EFBC}") = "Talifun.Web.Mvc", "Talifun.Web.Mvc\Talifun.Web.Mvc.csproj", "{5DF03ED5-2C45-4F23-A1E3-248383803D11}"
EndProject
Project("{FAE04EC0-301F-11D3-BF4B-00C04F79EFBC}") = "Talifun.Web.UrlRewriter", "Talifun.Web.UrlRewriter\Talifun.Web.UrlRewriter.csproj", "{43D2AC34-0EEA-4A82-B907-80D4CBDD63A1}"
EndProject
Project("{2150E333-8FDC-42A3-9474-1A3956D46DE8}") = "Talifun.Web Examples", "Talifun.Web Examples", "{E40C6C03-83CA-4590-84EF-90FCB8253463}"
EndProject
Project("{FAE04EC0-301F-11D3-BF4B-00C04F79EFBC}") = "Compress.Demo", "Talifun.Web.Examples\Compress.Demo\Compress.Demo.csproj", "{F4AB8CB0-90E3-46D6-93E1-8C796F388E68}"
EndProject
Project("{FAE04EC0-301F-11D3-BF4B-00C04F79EFBC}") = "Crusher.Demo", "Talifun.Web.Examples\Crusher.Demo\Crusher.Demo.csproj", "{0F576746-2042-433F-8543-FCB9321FDEF0}"
EndProject
Project("{FAE04EC0-301F-11D3-BF4B-00C04F79EFBC}") = "CssSprite.Demo", "Talifun.Web.Examples\CssSprite.Demo\CssSprite.Demo.csproj", "{B28274C1-B220-4D3B-9CB4-DD3A5D877B02}"
EndProject
Project("{FAE04EC0-301F-11D3-BF4B-00C04F79EFBC}") = "LogUrl.Demo", "Talifun.Web.Examples\LogUrl.Demo\LogUrl.Demo.csproj", "{04C7820F-E87A-4E09-BBAB-CEF8F73152B6}"
EndProject
Project("{FAE04EC0-301F-11D3-BF4B-00C04F79EFBC}") = "RegexUrlAuthorization.Demo", "Talifun.Web.Examples\RegexUrlAuthorization.Demo\RegexUrlAuthorization.Demo.csproj", "{C1C1A286-780B-44AD-8FB0-AE78528B68EC}"
EndProject
Project("{FAE04EC0-301F-11D3-BF4B-00C04F79EFBC}") = "StaticFile.Demo", "Talifun.Web.Examples\StaticFile.Demo\StaticFile.Demo.csproj", "{EE3D28B2-2146-4078-BC89-2A4270257085}"
EndProject
Project("{2150E333-8FDC-42A3-9474-1A3956D46DE8}") = "Talifun.Web.Mvc Examples", "Talifun.Web.Mvc Examples", "{CFF647EC-A72D-4D59-B3FD-250894F85E59}"
EndProject
Project("{FAE04EC0-301F-11D3-BF4B-00C04F79EFBC}") = "StaticFile.Demo", "Talifun.Web.Mvc.Examples\StaticFile.Demo\StaticFile.Demo.csproj", "{25C56455-C2FF-4C1F-801D-496AF186D1C3}"
EndProject
Project("{2150E333-8FDC-42A3-9474-1A3956D46DE8}") = "UrlReWriter", "UrlReWriter", "{9203C04A-7B5A-4942-A0B6-6833D3D405D1}"
EndProject
Project("{FAE04EC0-301F-11D3-BF4B-00C04F79EFBC}") = "UrlReWriter.Demo.CustomUrlRewriter", "Talifun.Web.UrlRewriter.Examples\UrlReWriter.Demo.CustomUrlRewriter\UrlReWriter.Demo.CustomUrlRewriter.csproj", "{3E797996-D4C7-45D1-8B5F-B3C87FC4F886}"
EndProject
Project("{FAE04EC0-301F-11D3-BF4B-00C04F79EFBC}") = "UrlRewriter.Demo", "Talifun.Web.UrlRewriter.Examples\UrlRewriter.Demo\UrlRewriter.Demo.csproj", "{EB258590-626C-4F1D-ABEE-E863551BB5EC}"
EndProject
Project("{FAE04EC0-301F-11D3-BF4B-00C04F79EFBC}") = "Talifun.Web.Tests", "Talifun.Web.Tests\Talifun.Web.Tests.csproj", "{7C661FBC-E6BE-4C1B-9002-E17CEA4531F9}"
EndProject
Project("{FAE04EC0-301F-11D3-BF4B-00C04F79EFBC}") = "StaticFileGenericHandler.Demo", "StaticFileGenericHandler.Demo\StaticFileGenericHandler.Demo.csproj", "{43D80C20-9C68-49EC-BABD-0DCF6EEBEBEB}"
EndProject
Global
	GlobalSection(SolutionConfigurationPlatforms) = preSolution
		Debug|Any CPU = Debug|Any CPU
		Release|Any CPU = Release|Any CPU
	EndGlobalSection
	GlobalSection(ProjectConfigurationPlatforms) = postSolution
		{FB8D10A5-40A2-44B0-A30F-1B316B5AFC34}.Debug|Any CPU.ActiveCfg = Debug|Any CPU
		{FB8D10A5-40A2-44B0-A30F-1B316B5AFC34}.Debug|Any CPU.Build.0 = Debug|Any CPU
		{FB8D10A5-40A2-44B0-A30F-1B316B5AFC34}.Release|Any CPU.ActiveCfg = Release|Any CPU
		{FB8D10A5-40A2-44B0-A30F-1B316B5AFC34}.Release|Any CPU.Build.0 = Release|Any CPU
		{5DF03ED5-2C45-4F23-A1E3-248383803D11}.Debug|Any CPU.ActiveCfg = Debug|Any CPU
		{5DF03ED5-2C45-4F23-A1E3-248383803D11}.Debug|Any CPU.Build.0 = Debug|Any CPU
		{5DF03ED5-2C45-4F23-A1E3-248383803D11}.Release|Any CPU.ActiveCfg = Release|Any CPU
		{5DF03ED5-2C45-4F23-A1E3-248383803D11}.Release|Any CPU.Build.0 = Release|Any CPU
		{43D2AC34-0EEA-4A82-B907-80D4CBDD63A1}.Debug|Any CPU.ActiveCfg = Debug|Any CPU
		{43D2AC34-0EEA-4A82-B907-80D4CBDD63A1}.Debug|Any CPU.Build.0 = Debug|Any CPU
		{43D2AC34-0EEA-4A82-B907-80D4CBDD63A1}.Release|Any CPU.ActiveCfg = Release|Any CPU
		{43D2AC34-0EEA-4A82-B907-80D4CBDD63A1}.Release|Any CPU.Build.0 = Release|Any CPU
		{F4AB8CB0-90E3-46D6-93E1-8C796F388E68}.Debug|Any CPU.ActiveCfg = Debug|Any CPU
		{F4AB8CB0-90E3-46D6-93E1-8C796F388E68}.Debug|Any CPU.Build.0 = Debug|Any CPU
		{F4AB8CB0-90E3-46D6-93E1-8C796F388E68}.Release|Any CPU.ActiveCfg = Release|Any CPU
		{F4AB8CB0-90E3-46D6-93E1-8C796F388E68}.Release|Any CPU.Build.0 = Release|Any CPU
		{0F576746-2042-433F-8543-FCB9321FDEF0}.Debug|Any CPU.ActiveCfg = Debug|Any CPU
		{0F576746-2042-433F-8543-FCB9321FDEF0}.Debug|Any CPU.Build.0 = Debug|Any CPU
		{0F576746-2042-433F-8543-FCB9321FDEF0}.Release|Any CPU.ActiveCfg = Release|Any CPU
		{0F576746-2042-433F-8543-FCB9321FDEF0}.Release|Any CPU.Build.0 = Release|Any CPU
		{B28274C1-B220-4D3B-9CB4-DD3A5D877B02}.Debug|Any CPU.ActiveCfg = Debug|Any CPU
		{B28274C1-B220-4D3B-9CB4-DD3A5D877B02}.Debug|Any CPU.Build.0 = Debug|Any CPU
		{B28274C1-B220-4D3B-9CB4-DD3A5D877B02}.Release|Any CPU.ActiveCfg = Release|Any CPU
		{B28274C1-B220-4D3B-9CB4-DD3A5D877B02}.Release|Any CPU.Build.0 = Release|Any CPU
		{04C7820F-E87A-4E09-BBAB-CEF8F73152B6}.Debug|Any CPU.ActiveCfg = Debug|Any CPU
		{04C7820F-E87A-4E09-BBAB-CEF8F73152B6}.Debug|Any CPU.Build.0 = Debug|Any CPU
		{04C7820F-E87A-4E09-BBAB-CEF8F73152B6}.Release|Any CPU.ActiveCfg = Release|Any CPU
		{04C7820F-E87A-4E09-BBAB-CEF8F73152B6}.Release|Any CPU.Build.0 = Release|Any CPU
		{C1C1A286-780B-44AD-8FB0-AE78528B68EC}.Debug|Any CPU.ActiveCfg = Debug|Any CPU
		{C1C1A286-780B-44AD-8FB0-AE78528B68EC}.Debug|Any CPU.Build.0 = Debug|Any CPU
		{C1C1A286-780B-44AD-8FB0-AE78528B68EC}.Release|Any CPU.ActiveCfg = Release|Any CPU
		{C1C1A286-780B-44AD-8FB0-AE78528B68EC}.Release|Any CPU.Build.0 = Release|Any CPU
		{EE3D28B2-2146-4078-BC89-2A4270257085}.Debug|Any CPU.ActiveCfg = Debug|Any CPU
		{EE3D28B2-2146-4078-BC89-2A4270257085}.Debug|Any CPU.Build.0 = Debug|Any CPU
		{EE3D28B2-2146-4078-BC89-2A4270257085}.Release|Any CPU.ActiveCfg = Release|Any CPU
		{EE3D28B2-2146-4078-BC89-2A4270257085}.Release|Any CPU.Build.0 = Release|Any CPU
		{25C56455-C2FF-4C1F-801D-496AF186D1C3}.Debug|Any CPU.ActiveCfg = Debug|Any CPU
		{25C56455-C2FF-4C1F-801D-496AF186D1C3}.Debug|Any CPU.Build.0 = Debug|Any CPU
		{25C56455-C2FF-4C1F-801D-496AF186D1C3}.Release|Any CPU.ActiveCfg = Release|Any CPU
		{25C56455-C2FF-4C1F-801D-496AF186D1C3}.Release|Any CPU.Build.0 = Release|Any CPU
		{3E797996-D4C7-45D1-8B5F-B3C87FC4F886}.Debug|Any CPU.ActiveCfg = Debug|Any CPU
		{3E797996-D4C7-45D1-8B5F-B3C87FC4F886}.Debug|Any CPU.Build.0 = Debug|Any CPU
		{3E797996-D4C7-45D1-8B5F-B3C87FC4F886}.Release|Any CPU.ActiveCfg = Release|Any CPU
		{3E797996-D4C7-45D1-8B5F-B3C87FC4F886}.Release|Any CPU.Build.0 = Release|Any CPU
		{EB258590-626C-4F1D-ABEE-E863551BB5EC}.Debug|Any CPU.ActiveCfg = Debug|Any CPU
		{EB258590-626C-4F1D-ABEE-E863551BB5EC}.Debug|Any CPU.Build.0 = Debug|Any CPU
		{EB258590-626C-4F1D-ABEE-E863551BB5EC}.Release|Any CPU.ActiveCfg = Release|Any CPU
		{EB258590-626C-4F1D-ABEE-E863551BB5EC}.Release|Any CPU.Build.0 = Release|Any CPU
		{7C661FBC-E6BE-4C1B-9002-E17CEA4531F9}.Debug|Any CPU.ActiveCfg = Debug|Any CPU
		{7C661FBC-E6BE-4C1B-9002-E17CEA4531F9}.Debug|Any CPU.Build.0 = Debug|Any CPU
		{7C661FBC-E6BE-4C1B-9002-E17CEA4531F9}.Release|Any CPU.ActiveCfg = Release|Any CPU
		{7C661FBC-E6BE-4C1B-9002-E17CEA4531F9}.Release|Any CPU.Build.0 = Release|Any CPU
		{43D80C20-9C68-49EC-BABD-0DCF6EEBEBEB}.Debug|Any CPU.ActiveCfg = Debug|Any CPU
		{43D80C20-9C68-49EC-BABD-0DCF6EEBEBEB}.Debug|Any CPU.Build.0 = Debug|Any CPU
		{43D80C20-9C68-49EC-BABD-0DCF6EEBEBEB}.Release|Any CPU.ActiveCfg = Release|Any CPU
		{43D80C20-9C68-49EC-BABD-0DCF6EEBEBEB}.Release|Any CPU.Build.0 = Release|Any CPU
	EndGlobalSection
	GlobalSection(SolutionProperties) = preSolution
		HideSolutionNode = FALSE
	EndGlobalSection
	GlobalSection(NestedProjects) = preSolution
		{F4AB8CB0-90E3-46D6-93E1-8C796F388E68} = {E40C6C03-83CA-4590-84EF-90FCB8253463}
		{0F576746-2042-433F-8543-FCB9321FDEF0} = {E40C6C03-83CA-4590-84EF-90FCB8253463}
		{B28274C1-B220-4D3B-9CB4-DD3A5D877B02} = {E40C6C03-83CA-4590-84EF-90FCB8253463}
		{04C7820F-E87A-4E09-BBAB-CEF8F73152B6} = {E40C6C03-83CA-4590-84EF-90FCB8253463}
		{C1C1A286-780B-44AD-8FB0-AE78528B68EC} = {E40C6C03-83CA-4590-84EF-90FCB8253463}
		{EE3D28B2-2146-4078-BC89-2A4270257085} = {E40C6C03-83CA-4590-84EF-90FCB8253463}
		{43D80C20-9C68-49EC-BABD-0DCF6EEBEBEB} = {E40C6C03-83CA-4590-84EF-90FCB8253463}
		{25C56455-C2FF-4C1F-801D-496AF186D1C3} = {CFF647EC-A72D-4D59-B3FD-250894F85E59}
		{3E797996-D4C7-45D1-8B5F-B3C87FC4F886} = {9203C04A-7B5A-4942-A0B6-6833D3D405D1}
		{EB258590-626C-4F1D-ABEE-E863551BB5EC} = {9203C04A-7B5A-4942-A0B6-6833D3D405D1}
	EndGlobalSection
EndGlobal
